// !$*UTF8*$!
{
	archiveVersion = 1;
	classes = {
	};
	objectVersion = 46;
	objects = {

/* Begin PBXBuildFile section */
		1711DCC31A5D8333000B3C67 /* Employee.swift in Sources */ = {isa = PBXBuildFile; fileRef = 1711DCC21A5D8333000B3C67 /* Employee.swift */; };
		17A4BDC71A7AC00A009F466A /* StopWatch.swift in Sources */ = {isa = PBXBuildFile; fileRef = 17A4BDC61A7AC00A009F466A /* StopWatch.swift */; };
		17B5BB3A1A5084D800CCF1D7 /* AppDelegate.swift in Sources */ = {isa = PBXBuildFile; fileRef = 17B5BB391A5084D800CCF1D7 /* AppDelegate.swift */; };
		17B5BB3D1A5084D800CCF1D7 /* Swift1.xcdatamodeld in Sources */ = {isa = PBXBuildFile; fileRef = 17B5BB3B1A5084D800CCF1D7 /* Swift1.xcdatamodeld */; };
		17B5BB3F1A5084D800CCF1D7 /* ViewController.swift in Sources */ = {isa = PBXBuildFile; fileRef = 17B5BB3E1A5084D800CCF1D7 /* ViewController.swift */; };
		17B5BB421A5084D800CCF1D7 /* Main.storyboard in Resources */ = {isa = PBXBuildFile; fileRef = 17B5BB401A5084D800CCF1D7 /* Main.storyboard */; };
		17B5BB441A5084D800CCF1D7 /* Images.xcassets in Resources */ = {isa = PBXBuildFile; fileRef = 17B5BB431A5084D800CCF1D7 /* Images.xcassets */; };
		17B5BB471A5084D800CCF1D7 /* LaunchScreen.xib in Resources */ = {isa = PBXBuildFile; fileRef = 17B5BB451A5084D800CCF1D7 /* LaunchScreen.xib */; };
		17B5BB531A5084D800CCF1D7 /* Swift1Tests.swift in Sources */ = {isa = PBXBuildFile; fileRef = 17B5BB521A5084D800CCF1D7 /* Swift1Tests.swift */; };
/* End PBXBuildFile section */

/* Begin PBXContainerItemProxy section */
		17B5BB4D1A5084D800CCF1D7 /* PBXContainerItemProxy */ = {
			isa = PBXContainerItemProxy;
			containerPortal = 17B5BB2C1A5084D800CCF1D7 /* Project object */;
			proxyType = 1;
			remoteGlobalIDString = 17B5BB331A5084D800CCF1D7;
			remoteInfo = Swift1;
		};
/* End PBXContainerItemProxy section */

/* Begin PBXFileReference section */
		1711DCC21A5D8333000B3C67 /* Employee.swift */ = {isa = PBXFileReference; fileEncoding = 4; lastKnownFileType = sourcecode.swift; path = Employee.swift; sourceTree = "<group>"; };
		17A4BDC61A7AC00A009F466A /* StopWatch.swift */ = {isa = PBXFileReference; fileEncoding = 4; lastKnownFileType = sourcecode.swift; path = StopWatch.swift; sourceTree = "<group>"; };
		17B5BB341A5084D800CCF1D7 /* Swift1.app */ = {isa = PBXFileReference; explicitFileType = wrapper.application; includeInIndex = 0; path = Swift1.app; sourceTree = BUILT_PRODUCTS_DIR; };
		17B5BB381A5084D800CCF1D7 /* Info.plist */ = {isa = PBXFileReference; lastKnownFileType = text.plist.xml; path = Info.plist; sourceTree = "<group>"; };
		17B5BB391A5084D800CCF1D7 /* AppDelegate.swift */ = {isa = PBXFileReference; lastKnownFileType = sourcecode.swift; path = AppDelegate.swift; sourceTree = "<group>"; };
		17B5BB3C1A5084D800CCF1D7 /* Swift1.xcdatamodel */ = {isa = PBXFileReference; lastKnownFileType = wrapper.xcdatamodel; path = Swift1.xcdatamodel; sourceTree = "<group>"; };
		17B5BB3E1A5084D800CCF1D7 /* ViewController.swift */ = {isa = PBXFileReference; lastKnownFileType = sourcecode.swift; path = ViewController.swift; sourceTree = "<group>"; };
		17B5BB411A5084D800CCF1D7 /* Base */ = {isa = PBXFileReference; lastKnownFileType = file.storyboard; name = Base; path = Base.lproj/Main.storyboard; sourceTree = "<group>"; };
		17B5BB431A5084D800CCF1D7 /* Images.xcassets */ = {isa = PBXFileReference; lastKnownFileType = folder.assetcatalog; path = Images.xcassets; sourceTree = "<group>"; };
		17B5BB461A5084D800CCF1D7 /* Base */ = {isa = PBXFileReference; lastKnownFileType = file.xib; name = Base; path = Base.lproj/LaunchScreen.xib; sourceTree = "<group>"; };
		17B5BB4C1A5084D800CCF1D7 /* Swift1Tests.xctest */ = {isa = PBXFileReference; explicitFileType = wrapper.cfbundle; includeInIndex = 0; path = Swift1Tests.xctest; sourceTree = BUILT_PRODUCTS_DIR; };
		17B5BB511A5084D800CCF1D7 /* Info.plist */ = {isa = PBXFileReference; lastKnownFileType = text.plist.xml; path = Info.plist; sourceTree = "<group>"; };
		17B5BB521A5084D800CCF1D7 /* Swift1Tests.swift */ = {isa = PBXFileReference; lastKnownFileType = sourcecode.swift; path = Swift1Tests.swift; sourceTree = "<group>"; };
/* End PBXFileReference section */

/* Begin PBXFrameworksBuildPhase section */
		17B5BB311A5084D800CCF1D7 /* Frameworks */ = {
			isa = PBXFrameworksBuildPhase;
			buildActionMask = 2147483647;
			files = (
			);
			runOnlyForDeploymentPostprocessing = 0;
		};
		17B5BB491A5084D800CCF1D7 /* Frameworks */ = {
			isa = PBXFrameworksBuildPhase;
			buildActionMask = 2147483647;
			files = (
			);
			runOnlyForDeploymentPostprocessing = 0;
		};
/* End PBXFrameworksBuildPhase section */

/* Begin PBXGroup section */
		17B5BB2B1A5084D800CCF1D7 = {
			isa = PBXGroup;
			children = (
				17B5BB361A5084D800CCF1D7 /* Swift1 */,
				17B5BB4F1A5084D800CCF1D7 /* Swift1Tests */,
				17B5BB351A5084D800CCF1D7 /* Products */,
			);
			sourceTree = "<group>";
		};
		17B5BB351A5084D800CCF1D7 /* Products */ = {
			isa = PBXGroup;
			children = (
				17B5BB341A5084D800CCF1D7 /* Swift1.app */,
				17B5BB4C1A5084D800CCF1D7 /* Swift1Tests.xctest */,
			);
			name = Products;
			sourceTree = "<group>";
		};
		17B5BB361A5084D800CCF1D7 /* Swift1 */ = {
			isa = PBXGroup;
			children = (
				17B5BB391A5084D800CCF1D7 /* AppDelegate.swift */,
				17B5BB3E1A5084D800CCF1D7 /* ViewController.swift */,
				17A4BDC61A7AC00A009F466A /* StopWatch.swift */,
				17B5BB401A5084D800CCF1D7 /* Main.storyboard */,
				17B5BB431A5084D800CCF1D7 /* Images.xcassets */,
				17B5BB451A5084D800CCF1D7 /* LaunchScreen.xib */,
				17B5BB3B1A5084D800CCF1D7 /* Swift1.xcdatamodeld */,
				1711DCC21A5D8333000B3C67 /* Employee.swift */,
				17B5BB371A5084D800CCF1D7 /* Supporting Files */,
			);
			path = Swift1;
			sourceTree = "<group>";
		};
		17B5BB371A5084D800CCF1D7 /* Supporting Files */ = {
			isa = PBXGroup;
			children = (
				17B5BB381A5084D800CCF1D7 /* Info.plist */,
			);
			name = "Supporting Files";
			sourceTree = "<group>";
		};
		17B5BB4F1A5084D800CCF1D7 /* Swift1Tests */ = {
			isa = PBXGroup;
			children = (
				17B5BB521A5084D800CCF1D7 /* Swift1Tests.swift */,
				17B5BB501A5084D800CCF1D7 /* Supporting Files */,
			);
			path = Swift1Tests;
			sourceTree = "<group>";
		};
		17B5BB501A5084D800CCF1D7 /* Supporting Files */ = {
			isa = PBXGroup;
			children = (
				17B5BB511A5084D800CCF1D7 /* Info.plist */,
			);
			name = "Supporting Files";
			sourceTree = "<group>";
		};
/* End PBXGroup section */

/* Begin PBXNativeTarget section */
		17B5BB331A5084D800CCF1D7 /* Swift1 */ = {
			isa = PBXNativeTarget;
			buildConfigurationList = 17B5BB561A5084D800CCF1D7 /* Build configuration list for PBXNativeTarget "Swift1" */;
			buildPhases = (
				17B5BB301A5084D800CCF1D7 /* Sources */,
				17B5BB311A5084D800CCF1D7 /* Frameworks */,
				17B5BB321A5084D800CCF1D7 /* Resources */,
			);
			buildRules = (
			);
			dependencies = (
			);
			name = Swift1;
			productName = Swift1;
			productReference = 17B5BB341A5084D800CCF1D7 /* Swift1.app */;
			productType = "com.apple.product-type.application";
		};
		17B5BB4B1A5084D800CCF1D7 /* Swift1Tests */ = {
			isa = PBXNativeTarget;
			buildConfigurationList = 17B5BB591A5084D800CCF1D7 /* Build configuration list for PBXNativeTarget "Swift1Tests" */;
			buildPhases = (
				17B5BB481A5084D800CCF1D7 /* Sources */,
				17B5BB491A5084D800CCF1D7 /* Frameworks */,
				17B5BB4A1A5084D800CCF1D7 /* Resources */,
			);
			buildRules = (
			);
			dependencies = (
				17B5BB4E1A5084D800CCF1D7 /* PBXTargetDependency */,
			);
			name = Swift1Tests;
			productName = Swift1Tests;
			productReference = 17B5BB4C1A5084D800CCF1D7 /* Swift1Tests.xctest */;
			productType = "com.apple.product-type.bundle.unit-test";
		};
/* End PBXNativeTarget section */

/* Begin PBXProject section */
		17B5BB2C1A5084D800CCF1D7 /* Project object */ = {
			isa = PBXProject;
			attributes = {
				LastUpgradeCheck = 0610;
				ORGANIZATIONNAME = "Dekibae SAS";
				TargetAttributes = {
					17B5BB331A5084D800CCF1D7 = {
						CreatedOnToolsVersion = 6.1.1;
						DevelopmentTeam = D6BQE2BBFR;
					};
					17B5BB4B1A5084D800CCF1D7 = {
						CreatedOnToolsVersion = 6.1.1;
						TestTargetID = 17B5BB331A5084D800CCF1D7;
					};
				};
			};
			buildConfigurationList = 17B5BB2F1A5084D800CCF1D7 /* Build configuration list for PBXProject "Swift1" */;
			compatibilityVersion = "Xcode 3.2";
			developmentRegion = English;
			hasScannedForEncodings = 0;
			knownRegions = (
				en,
				Base,
			);
			mainGroup = 17B5BB2B1A5084D800CCF1D7;
			productRefGroup = 17B5BB351A5084D800CCF1D7 /* Products */;
			projectDirPath = "";
			projectRoot = "";
			targets = (
				17B5BB331A5084D800CCF1D7 /* Swift1 */,
				17B5BB4B1A5084D800CCF1D7 /* Swift1Tests */,
			);
		};
/* End PBXProject section */

/* Begin PBXResourcesBuildPhase section */
		17B5BB321A5084D800CCF1D7 /* Resources */ = {
			isa = PBXResourcesBuildPhase;
			buildActionMask = 2147483647;
			files = (
				17B5BB421A5084D800CCF1D7 /* Main.storyboard in Resources */,
				17B5BB471A5084D800CCF1D7 /* LaunchScreen.xib in Resources */,
				17B5BB441A5084D800CCF1D7 /* Images.xcassets in Resources */,
			);
			runOnlyForDeploymentPostprocessing = 0;
		};
		17B5BB4A1A5084D800CCF1D7 /* Resources */ = {
			isa = PBXResourcesBuildPhase;
			buildActionMask = 2147483647;
			files = (
			);
			runOnlyForDeploymentPostprocessing = 0;
		};
/* End PBXResourcesBuildPhase section */

/* Begin PBXSourcesBuildPhase section */
		17B5BB301A5084D800CCF1D7 /* Sources */ = {
			isa = PBXSourcesBuildPhase;
			buildActionMask = 2147483647;
			files = (
				17B5BB3F1A5084D800CCF1D7 /* ViewController.swift in Sources */,
				1711DCC31A5D8333000B3C67 /* Employee.swift in Sources */,
				17A4BDC71A7AC00A009F466A /* StopWatch.swift in Sources */,
				17B5BB3A1A5084D800CCF1D7 /* AppDelegate.swift in Sources */,
				17B5BB3D1A5084D800CCF1D7 /* Swift1.xcdatamodeld in Sources */,
			);
			runOnlyForDeploymentPostprocessing = 0;
		};
		17B5BB481A5084D800CCF1D7 /* Sources */ = {
			isa = PBXSourcesBuildPhase;
			buildActionMask = 2147483647;
			files = (
				17B5BB531A5084D800CCF1D7 /* Swift1Tests.swift in Sources */,
			);
			runOnlyForDeploymentPostprocessing = 0;
		};
/* End PBXSourcesBuildPhase section */

/* Begin PBXTargetDependency section */
		17B5BB4E1A5084D800CCF1D7 /* PBXTargetDependency */ = {
			isa = PBXTargetDependency;
			target = 17B5BB331A5084D800CCF1D7 /* Swift1 */;
			targetProxy = 17B5BB4D1A5084D800CCF1D7 /* PBXContainerItemProxy */;
		};
/* End PBXTargetDependency section */

/* Begin PBXVariantGroup section */
		17B5BB401A5084D800CCF1D7 /* Main.storyboard */ = {
			isa = PBXVariantGroup;
			children = (
				17B5BB411A5084D800CCF1D7 /* Base */,
			);
			name = Main.storyboard;
			sourceTree = "<group>";
		};
		17B5BB451A5084D800CCF1D7 /* LaunchScreen.xib */ = {
			isa = PBXVariantGroup;
			children = (
				17B5BB461A5084D800CCF1D7 /* Base */,
			);
			name = LaunchScreen.xib;
			sourceTree = "<group>";
		};
/* End PBXVariantGroup section */

/* Begin XCBuildConfiguration section */
		17B5BB541A5084D800CCF1D7 /* Debug */ = {
			isa = XCBuildConfiguration;
			buildSettings = {
				ALWAYS_SEARCH_USER_PATHS = NO;
				CLANG_CXX_LANGUAGE_STANDARD = "gnu++0x";
				CLANG_CXX_LIBRARY = "libc++";
				CLANG_ENABLE_MODULES = YES;
				CLANG_ENABLE_OBJC_ARC = YES;
				CLANG_WARN_BOOL_CONVERSION = YES;
				CLANG_WARN_CONSTANT_CONVERSION = YES;
				CLANG_WARN_DIRECT_OBJC_ISA_USAGE = YES_ERROR;
				CLANG_WARN_EMPTY_BODY = YES;
				CLANG_WARN_ENUM_CONVERSION = YES;
				CLANG_WARN_INT_CONVERSION = YES;
				CLANG_WARN_OBJC_ROOT_CLASS = YES_ERROR;
				CLANG_WARN_UNREACHABLE_CODE = YES;
				CLANG_WARN__DUPLICATE_METHOD_MATCH = YES;
				"CODE_SIGN_IDENTITY[sdk=iphoneos*]" = "iPhone Developer";
				COPY_PHASE_STRIP = NO;
				ENABLE_STRICT_OBJC_MSGSEND = YES;
				GCC_C_LANGUAGE_STANDARD = gnu99;
				GCC_DYNAMIC_NO_PIC = NO;
				GCC_OPTIMIZATION_LEVEL = 0;
				GCC_PREPROCESSOR_DEFINITIONS = (
					"DEBUG=1",
					"$(inherited)",
				);
				GCC_SYMBOLS_PRIVATE_EXTERN = NO;
				GCC_WARN_64_TO_32_BIT_CONVERSION = YES;
				GCC_WARN_ABOUT_RETURN_TYPE = YES_ERROR;
				GCC_WARN_UNDECLARED_SELECTOR = YES;
				GCC_WARN_UNINITIALIZED_AUTOS = YES_AGGRESSIVE;
				GCC_WARN_UNUSED_FUNCTION = YES;
				GCC_WARN_UNUSED_VARIABLE = YES;
				IPHONEOS_DEPLOYMENT_TARGET = 8.1;
				MTL_ENABLE_DEBUG_INFO = YES;
				ONLY_ACTIVE_ARCH = YES;
				SDKROOT = iphoneos;
				SWIFT_OPTIMIZATION_LEVEL = "-Onone";
			};
			name = Debug;
		};
		17B5BB551A5084D800CCF1D7 /* Release */ = {
			isa = XCBuildConfiguration;
			buildSettings = {
				ALWAYS_SEARCH_USER_PATHS = NO;
				CLANG_CXX_LANGUAGE_STANDARD = "gnu++0x";
				CLANG_CXX_LIBRARY = "libc++";
				CLANG_ENABLE_MODULES = YES;
				CLANG_ENABLE_OBJC_ARC = YES;
				CLANG_WARN_BOOL_CONVERSION = YES;
				CLANG_WARN_CONSTANT_CONVERSION = YES;
				CLANG_WARN_DIRECT_OBJC_ISA_USAGE = YES_ERROR;
				CLANG_WARN_EMPTY_BODY = YES;
				CLANG_WARN_ENUM_CONVERSION = YES;
				CLANG_WARN_INT_CONVERSION = YES;
				CLANG_WARN_OBJC_ROOT_CLASS = YES_ERROR;
				CLANG_WARN_UNREACHABLE_CODE = YES;
				CLANG_WARN__DUPLICATE_METHOD_MATCH = YES;
				"CODE_SIGN_IDENTITY[sdk=iphoneos*]" = "iPhone Developer";
				COPY_PHASE_STRIP = YES;
				ENABLE_NS_ASSERTIONS = NO;
				ENABLE_STRICT_OBJC_MSGSEND = YES;
				GCC_C_LANGUAGE_STANDARD = gnu99;
				GCC_WARN_64_TO_32_BIT_CONVERSION = YES;
				GCC_WARN_ABOUT_RETURN_TYPE = YES_ERROR;
				GCC_WARN_UNDECLARED_SELECTOR = YES;
				GCC_WARN_UNINITIALIZED_AUTOS = YES_AGGRESSIVE;
				GCC_WARN_UNUSED_FUNCTION = YES;
				GCC_WARN_UNUSED_VARIABLE = YES;
				IPHONEOS_DEPLOYMENT_TARGET = 8.1;
				MTL_ENABLE_DEBUG_INFO = NO;
				SDKROOT = iphoneos;
				VALIDATE_PRODUCT = YES;
			};
			name = Release;
		};
		17B5BB571A5084D800CCF1D7 /* Debug */ = {
			isa = XCBuildConfiguration;
			buildSettings = {
				ASSETCATALOG_COMPILER_APPICON_NAME = AppIcon;
				CODE_SIGN_IDENTITY = "iPhone Developer";
				"CODE_SIGN_IDENTITY[sdk=iphoneos*]" = "iPhone Developer";
				INFOPLIST_FILE = Swift1/Info.plist;
				LD_RUNPATH_SEARCH_PATHS = "$(inherited) @executable_path/Frameworks";
				PRODUCT_NAME = "$(TARGET_NAME)";
				PROVISIONING_PROFILE = "";
			};
			name = Debug;
		};
		17B5BB581A5084D800CCF1D7 /* Release */ = {
			isa = XCBuildConfiguration;
			buildSettings = {
				ASSETCATALOG_COMPILER_APPICON_NAME = AppIcon;
				CODE_SIGN_IDENTITY = "iPhone Developer";
				"CODE_SIGN_IDENTITY[sdk=iphoneos*]" = "iPhone Developer";
				INFOPLIST_FILE = Swift1/Info.plist;
				LD_RUNPATH_SEARCH_PATHS = "$(inherited) @executable_path/Frameworks";
				PRODUCT_NAME = "$(TARGET_NAME)";
				PROVISIONING_PROFILE = "";
			};
			name = Release;
		};
		17B5BB5A1A5084D800CCF1D7 /* Debug */ = {
			isa = XCBuildConfiguration;
			buildSettings = {
				BUNDLE_LOADER = "$(TEST_HOST)";
				FRAMEWORK_SEARCH_PATHS = (
					"$(SDKROOT)/Developer/Library/Frameworks",
					"$(inherited)",
				);
				GCC_PREPROCESSOR_DEFINITIONS = (
					"DEBUG=1",
					"$(inherited)",
				);
				INFOPLIST_FILE = Swift1Tests/Info.plist;
				LD_RUNPATH_SEARCH_PATHS = "$(inherited) @executable_path/Frameworks @loader_path/Frameworks";
				PRODUCT_NAME = "$(TARGET_NAME)";
				TEST_HOST = "$(BUILT_PRODUCTS_DIR)/Swift1.app/Swift1";
			};
			name = Debug;
		};
		17B5BB5B1A5084D800CCF1D7 /* Release */ = {
			isa = XCBuildConfiguration;
			buildSettings = {
				BUNDLE_LOADER = "$(TEST_HOST)";
				FRAMEWORK_SEARCH_PATHS = (
					"$(SDKROOT)/Developer/Library/Frameworks",
					"$(inherited)",
				);
				INFOPLIST_FILE = Swift1Tests/Info.plist;
				LD_RUNPATH_SEARCH_PATHS = "$(inherited) @executable_path/Frameworks @loader_path/Frameworks";
				PRODUCT_NAME = "$(TARGET_NAME)";
				TEST_HOST = "$(BUILT_PRODUCTS_DIR)/Swift1.app/Swift1";
			};
			name = Release;
		};
/* End XCBuildConfiguration section */

/* Begin XCConfigurationList section */
		17B5BB2F1A5084D800CCF1D7 /* Build configuration list for PBXProject "Swift1" */ = {
			isa = XCConfigurationList;
			buildConfigurations = (
				17B5BB541A5084D800CCF1D7 /* Debug */,
				17B5BB551A5084D800CCF1D7 /* Release */,
			);
			defaultConfigurationIsVisible = 0;
			defaultConfigurationName = Release;
		};
		17B5BB561A5084D800CCF1D7 /* Build configuration list for PBXNativeTarget "Swift1" */ = {
			isa = XCConfigurationList;
			buildConfigurations = (
				17B5BB571A5084D800CCF1D7 /* Debug */,
				17B5BB581A5084D800CCF1D7 /* Release */,
			);
			defaultConfigurationIsVisible = 0;
			defaultConfigurationName = Release;
		};
		17B5BB591A5084D800CCF1D7 /* Build configuration list for PBXNativeTarget "Swift1Tests" */ = {
			isa = XCConfigurationList;
			buildConfigurations = (
				17B5BB5A1A5084D800CCF1D7 /* Debug */,
				17B5BB5B1A5084D800CCF1D7 /* Release */,
			);
			defaultConfigurationIsVisible = 0;
			defaultConfigurationName = Release;
		};
/* End XCConfigurationList section */

/* Begin XCVersionGroup section */
		17B5BB3B1A5084D800CCF1D7 /* Swift1.xcdatamodeld */ = {
			isa = XCVersionGroup;
			children = (
				17B5BB3C1A5084D800CCF1D7 /* Swift1.xcdatamodel */,
			);
			currentVersion = 17B5BB3C1A5084D800CCF1D7 /* Swift1.xcdatamodel */;
			path = Swift1.xcdatamodeld;
			sourceTree = "<group>";
			versionGroupType = wrapper.xcdatamodel;
		};
/* End XCVersionGroup section */
	};
	rootObject = 17B5BB2C1A5084D800CCF1D7 /* Project object */;
}
